version = 1
revision = 2
requires-python = ">=3.10"

[[package]]
name = "dill"
version = "0.4.0"
source = { registry = "https://pypi.org/simple" }
sdist = { url = "https://files.pythonhosted.org/packages/12/80/630b4b88364e9a8c8c5797f4602d0f76ef820909ee32f0bacb9f90654042/dill-0.4.0.tar.gz", hash = "sha256:0633f1d2df477324f53a895b02c901fb961bdbf65a17122586ea7019292cbcf0", size = 186976, upload-time = "2025-04-16T00:41:48.867Z" }
wheels = [
    { url = "https://files.pythonhosted.org/packages/50/3d/9373ad9c56321fdab5b41197068e1d8c25883b3fea29dd361f9b55116869/dill-0.4.0-py3-none-any.whl", hash = "sha256:44f54bf6412c2c8464c14e8243eb163690a9800dbe2c367330883b19c7561049", size = 119668, upload-time = "2025-04-16T00:41:47.671Z" },
]

[[package]]
name = "multiprocess"
version = "0.70.18"
source = { registry = "https://pypi.org/simple" }
dependencies = [
    { name = "dill" },
]
sdist = { url = "https://files.pythonhosted.org/packages/72/fd/2ae3826f5be24c6ed87266bc4e59c46ea5b059a103f3d7e7eb76a52aeecb/multiprocess-0.70.18.tar.gz", hash = "sha256:f9597128e6b3e67b23956da07cf3d2e5cba79e2f4e0fba8d7903636663ec6d0d", size = 1798503, upload-time = "2025-04-17T03:11:27.742Z" }
wheels = [
    { url = "https://files.pythonhosted.org/packages/c8/f8/7f9a8f08bf98cea1dfaa181e05cc8bbcb59cecf044b5a9ac3cce39f9c449/multiprocess-0.70.18-pp310-pypy310_pp73-macosx_10_15_x86_64.whl", hash = "sha256:25d4012dcaaf66b9e8e955f58482b42910c2ee526d532844d8bcf661bbc604df", size = 135083, upload-time = "2025-04-17T03:11:04.223Z" },
    { url = "https://files.pythonhosted.org/packages/e5/03/b7b10dbfc17b2b3ce07d4d30b3ba8367d0ed32d6d46cd166e298f161dd46/multiprocess-0.70.18-pp310-pypy310_pp73-macosx_11_0_arm64.whl", hash = "sha256:06b19433de0d02afe5869aec8931dd5c01d99074664f806c73896b0d9e527213", size = 135128, upload-time = "2025-04-17T03:11:06.045Z" },
    { url = "https://files.pythonhosted.org/packages/c1/a3/5f8d3b9690ea5580bee5868ab7d7e2cfca74b7e826b28192b40aa3881cdc/multiprocess-0.70.18-pp310-pypy310_pp73-manylinux_2_28_x86_64.whl", hash = "sha256:6fa1366f994373aaf2d4738b0f56e707caeaa05486e97a7f71ee0853823180c2", size = 135132, upload-time = "2025-04-17T03:11:07.533Z" },
    { url = "https://files.pythonhosted.org/packages/55/4d/9af0d1279c84618bcd35bf5fd7e371657358c7b0a523e54a9cffb87461f8/multiprocess-0.70.18-pp311-pypy311_pp73-macosx_10_15_x86_64.whl", hash = "sha256:8b8940ae30139e04b076da6c5b83e9398585ebdf0f2ad3250673fef5b2ff06d6", size = 144695, upload-time = "2025-04-17T03:11:09.161Z" },
    { url = "https://files.pythonhosted.org/packages/17/bf/87323e79dd0562474fad3373c21c66bc6c3c9963b68eb2a209deb4c8575e/multiprocess-0.70.18-pp311-pypy311_pp73-macosx_11_0_arm64.whl", hash = "sha256:0929ba95831adb938edbd5fb801ac45e705ecad9d100b3e653946b7716cb6bd3", size = 144742, upload-time = "2025-04-17T03:11:10.072Z" },
    { url = "https://files.pythonhosted.org/packages/dd/74/cb8c831e58dc6d5cf450b17c7db87f14294a1df52eb391da948b5e0a0b94/multiprocess-0.70.18-pp311-pypy311_pp73-manylinux_2_28_x86_64.whl", hash = "sha256:4d77f8e4bfe6c6e2e661925bbf9aed4d5ade9a1c6502d5dfc10129b9d1141797", size = 144745, upload-time = "2025-04-17T03:11:11.453Z" },
    { url = "https://files.pythonhosted.org/packages/ba/d8/0cba6cf51a1a31f20471fbc823a716170c73012ddc4fb85d706630ed6e8f/multiprocess-0.70.18-py310-none-any.whl", hash = "sha256:60c194974c31784019c1f459d984e8f33ee48f10fcf42c309ba97b30d9bd53ea", size = 134948, upload-time = "2025-04-17T03:11:20.223Z" },
    { url = "https://files.pythonhosted.org/packages/4b/88/9039f2fed1012ef584751d4ceff9ab4a51e5ae264898f0b7cbf44340a859/multiprocess-0.70.18-py311-none-any.whl", hash = "sha256:5aa6eef98e691281b3ad923be2832bf1c55dd2c859acd73e5ec53a66aae06a1d", size = 144462, upload-time = "2025-04-17T03:11:21.657Z" },
    { url = "https://files.pythonhosted.org/packages/bf/b6/5f922792be93b82ec6b5f270bbb1ef031fd0622847070bbcf9da816502cc/multiprocess-0.70.18-py312-none-any.whl", hash = "sha256:9b78f8e5024b573730bfb654783a13800c2c0f2dfc0c25e70b40d184d64adaa2", size = 150287, upload-time = "2025-04-17T03:11:22.69Z" },
    { url = "https://files.pythonhosted.org/packages/ee/25/7d7e78e750bc1aecfaf0efbf826c69a791d2eeaf29cf20cba93ff4cced78/multiprocess-0.70.18-py313-none-any.whl", hash = "sha256:871743755f43ef57d7910a38433cfe41319e72be1bbd90b79c7a5ac523eb9334", size = 151917, upload-time = "2025-04-17T03:11:24.044Z" },
    { url = "https://files.pythonhosted.org/packages/3b/c3/ca84c19bd14cdfc21c388fdcebf08b86a7a470ebc9f5c3c084fc2dbc50f7/multiprocess-0.70.18-py38-none-any.whl", hash = "sha256:dbf705e52a154fe5e90fb17b38f02556169557c2dd8bb084f2e06c2784d8279b", size = 132636, upload-time = "2025-04-17T03:11:24.936Z" },
    { url = "https://files.pythonhosted.org/packages/6c/28/dd72947e59a6a8c856448a5e74da6201cb5502ddff644fbc790e4bd40b9a/multiprocess-0.70.18-py39-none-any.whl", hash = "sha256:e78ca805a72b1b810c690b6b4cc32579eba34f403094bbbae962b7b5bf9dfcb8", size = 133478, upload-time = "2025-04-17T03:11:26.253Z" },
]

[[package]]
name = "plumbum"
version = "1.9.0"
source = { registry = "https://pypi.org/simple" }
dependencies = [
    { name = "pywin32", marker = "platform_python_implementation != 'PyPy' and sys_platform == 'win32'" },
]
sdist = { url = "https://files.pythonhosted.org/packages/f0/5d/49ba324ad4ae5b1a4caefafbce7a1648540129344481f2ed4ef6bb68d451/plumbum-1.9.0.tar.gz", hash = "sha256:e640062b72642c3873bd5bdc3effed75ba4d3c70ef6b6a7b907357a84d909219", size = 319083, upload-time = "2024-10-05T05:59:27.059Z" }
wheels = [
    { url = "https://files.pythonhosted.org/packages/4f/9d/d03542c93bb3d448406731b80f39c3d5601282f778328c22c77d270f4ed4/plumbum-1.9.0-py3-none-any.whl", hash = "sha256:9fd0d3b0e8d86e4b581af36edf3f3bbe9d1ae15b45b8caab28de1bcb27aaa7f5", size = 127970, upload-time = "2024-10-05T05:59:25.102Z" },
]

[[package]]
name = "pywin32"
version = "310"
source = { registry = "https://pypi.org/simple" }
wheels = [
    { url = "https://files.pythonhosted.org/packages/95/da/a5f38fffbba2fb99aa4aa905480ac4b8e83ca486659ac8c95bce47fb5276/pywin32-310-cp310-cp310-win32.whl", hash = "sha256:6dd97011efc8bf51d6793a82292419eba2c71cf8e7250cfac03bba284454abc1", size = 8848240, upload-time = "2025-03-17T00:55:46.783Z" },
    { url = "https://files.pythonhosted.org/packages/aa/fe/d873a773324fa565619ba555a82c9dabd677301720f3660a731a5d07e49a/pywin32-310-cp310-cp310-win_amd64.whl", hash = "sha256:c3e78706e4229b915a0821941a84e7ef420bf2b77e08c9dae3c76fd03fd2ae3d", size = 9601854, upload-time = "2025-03-17T00:55:48.783Z" },
    { url = "https://files.pythonhosted.org/packages/3c/84/1a8e3d7a15490d28a5d816efa229ecb4999cdc51a7c30dd8914f669093b8/pywin32-310-cp310-cp310-win_arm64.whl", hash = "sha256:33babed0cf0c92a6f94cc6cc13546ab24ee13e3e800e61ed87609ab91e4c8213", size = 8522963, upload-time = "2025-03-17T00:55:50.969Z" },
    { url = "https://files.pythonhosted.org/packages/f7/b1/68aa2986129fb1011dabbe95f0136f44509afaf072b12b8f815905a39f33/pywin32-310-cp311-cp311-win32.whl", hash = "sha256:1e765f9564e83011a63321bb9d27ec456a0ed90d3732c4b2e312b855365ed8bd", size = 8784284, upload-time = "2025-03-17T00:55:53.124Z" },
    { url = "https://files.pythonhosted.org/packages/b3/bd/d1592635992dd8db5bb8ace0551bc3a769de1ac8850200cfa517e72739fb/pywin32-310-cp311-cp311-win_amd64.whl", hash = "sha256:126298077a9d7c95c53823934f000599f66ec9296b09167810eb24875f32689c", size = 9520748, upload-time = "2025-03-17T00:55:55.203Z" },
    { url = "https://files.pythonhosted.org/packages/90/b1/ac8b1ffce6603849eb45a91cf126c0fa5431f186c2e768bf56889c46f51c/pywin32-310-cp311-cp311-win_arm64.whl", hash = "sha256:19ec5fc9b1d51c4350be7bb00760ffce46e6c95eaf2f0b2f1150657b1a43c582", size = 8455941, upload-time = "2025-03-17T00:55:57.048Z" },
    { url = "https://files.pythonhosted.org/packages/6b/ec/4fdbe47932f671d6e348474ea35ed94227fb5df56a7c30cbbb42cd396ed0/pywin32-310-cp312-cp312-win32.whl", hash = "sha256:8a75a5cc3893e83a108c05d82198880704c44bbaee4d06e442e471d3c9ea4f3d", size = 8796239, upload-time = "2025-03-17T00:55:58.807Z" },
    { url = "https://files.pythonhosted.org/packages/e3/e5/b0627f8bb84e06991bea89ad8153a9e50ace40b2e1195d68e9dff6b03d0f/pywin32-310-cp312-cp312-win_amd64.whl", hash = "sha256:bf5c397c9a9a19a6f62f3fb821fbf36cac08f03770056711f765ec1503972060", size = 9503839, upload-time = "2025-03-17T00:56:00.8Z" },
    { url = "https://files.pythonhosted.org/packages/1f/32/9ccf53748df72301a89713936645a664ec001abd35ecc8578beda593d37d/pywin32-310-cp312-cp312-win_arm64.whl", hash = "sha256:2349cc906eae872d0663d4d6290d13b90621eaf78964bb1578632ff20e152966", size = 8459470, upload-time = "2025-03-17T00:56:02.601Z" },
    { url = "https://files.pythonhosted.org/packages/1c/09/9c1b978ffc4ae53999e89c19c77ba882d9fce476729f23ef55211ea1c034/pywin32-310-cp313-cp313-win32.whl", hash = "sha256:5d241a659c496ada3253cd01cfaa779b048e90ce4b2b38cd44168ad555ce74ab", size = 8794384, upload-time = "2025-03-17T00:56:04.383Z" },
    { url = "https://files.pythonhosted.org/packages/45/3c/b4640f740ffebadd5d34df35fecba0e1cfef8fde9f3e594df91c28ad9b50/pywin32-310-cp313-cp313-win_amd64.whl", hash = "sha256:667827eb3a90208ddbdcc9e860c81bde63a135710e21e4cb3348968e4bd5249e", size = 9503039, upload-time = "2025-03-17T00:56:06.207Z" },
    { url = "https://files.pythonhosted.org/packages/b4/f4/f785020090fb050e7fb6d34b780f2231f302609dc964672f72bfaeb59a28/pywin32-310-cp313-cp313-win_arm64.whl", hash = "sha256:e308f831de771482b7cf692a1f308f8fca701b2d8f9dde6cc440c7da17e47b33", size = 8458152, upload-time = "2025-03-17T00:56:07.819Z" },
]

[[package]]
name = "recursive-rpc"
version = "0.1.0"
source = { editable = "." }
dependencies = [
    { name = "dill" },
    { name = "multiprocess" },
    { name = "rpyc" },
]

[package.metadata]
requires-dist = [
    { name = "dill", specifier = ">=0.4.0" },
    { name = "multiprocess", specifier = ">=0.70.18" },
    { name = "rpyc", specifier = ">=6.0.2" },
]

[[package]]
name = "rpyc"
version = "6.0.2"
source = { registry = "https://pypi.org/simple" }
dependencies = [
    { name = "plumbum" },
]
sdist = { url = "https://files.pythonhosted.org/packages/8b/e7/1c17410673b634f4658bb5d2232d0c4507432a97508b2c6708e59481644a/rpyc-6.0.2.tar.gz", hash = "sha256:8e780a6a71b842128a80a337c64adfb6f919014e069951832161c9efc630c93b", size = 62321, upload-time = "2025-04-18T16:33:21.693Z" }
wheels = [
    { url = "https://files.pythonhosted.org/packages/3f/99/2e119d541d596daea39643eb9312b47c7847383951300f889166938035b1/rpyc-6.0.2-py3-none-any.whl", hash = "sha256:8072308ad30725bc281c42c011fc8c922be15f3eeda6eafb2917cafe1b6f00ec", size = 74768, upload-time = "2025-04-18T16:33:20.147Z" },
]
