version = 1
revision = 2
requires-python = ">=3.10"

[[package]]
name = "plumbum"
version = "1.9.0"
source = { registry = "https://pypi.org/simple" }
dependencies = [
    { name = "pywin32", marker = "platform_python_implementation != 'PyPy' and sys_platform == 'win32'" },
]
sdist = { url = "https://files.pythonhosted.org/packages/f0/5d/49ba324ad4ae5b1a4caefafbce7a1648540129344481f2ed4ef6bb68d451/plumbum-1.9.0.tar.gz", hash = "sha256:e640062b72642c3873bd5bdc3effed75ba4d3c70ef6b6a7b907357a84d909219", size = 319083, upload-time = "2024-10-05T05:59:27.059Z" }
wheels = [
    { url = "https://files.pythonhosted.org/packages/4f/9d/d03542c93bb3d448406731b80f39c3d5601282f778328c22c77d270f4ed4/plumbum-1.9.0-py3-none-any.whl", hash = "sha256:9fd0d3b0e8d86e4b581af36edf3f3bbe9d1ae15b45b8caab28de1bcb27aaa7f5", size = 127970, upload-time = "2024-10-05T05:59:25.102Z" },
]

[[package]]
name = "python-dotenv"
version = "1.1.1"
source = { registry = "https://pypi.org/simple" }
sdist = { url = "https://files.pythonhosted.org/packages/f6/b0/4bc07ccd3572a2f9df7e6782f52b0c6c90dcbb803ac4a167702d7d0dfe1e/python_dotenv-1.1.1.tar.gz", hash = "sha256:a8a6399716257f45be6a007360200409fce5cda2661e3dec71d23dc15f6189ab", size = 41978, upload-time = "2025-06-24T04:21:07.341Z" }
wheels = [
    { url = "https://files.pythonhosted.org/packages/5f/ed/539768cf28c661b5b068d66d96a2f155c4971a5d55684a514c1a0e0dec2f/python_dotenv-1.1.1-py3-none-any.whl", hash = "sha256:31f23644fe2602f88ff55e1f5c79ba497e01224ee7737937930c448e4d0e24dc", size = 20556, upload-time = "2025-06-24T04:21:06.073Z" },
]

[[package]]
name = "pywin32"
version = "310"
source = { registry = "https://pypi.org/simple" }
wheels = [
    { url = "https://files.pythonhosted.org/packages/95/da/a5f38fffbba2fb99aa4aa905480ac4b8e83ca486659ac8c95bce47fb5276/pywin32-310-cp310-cp310-win32.whl", hash = "sha256:6dd97011efc8bf51d6793a82292419eba2c71cf8e7250cfac03bba284454abc1", size = 8848240, upload-time = "2025-03-17T00:55:46.783Z" },
    { url = "https://files.pythonhosted.org/packages/aa/fe/d873a773324fa565619ba555a82c9dabd677301720f3660a731a5d07e49a/pywin32-310-cp310-cp310-win_amd64.whl", hash = "sha256:c3e78706e4229b915a0821941a84e7ef420bf2b77e08c9dae3c76fd03fd2ae3d", size = 9601854, upload-time = "2025-03-17T00:55:48.783Z" },
    { url = "https://files.pythonhosted.org/packages/3c/84/1a8e3d7a15490d28a5d816efa229ecb4999cdc51a7c30dd8914f669093b8/pywin32-310-cp310-cp310-win_arm64.whl", hash = "sha256:33babed0cf0c92a6f94cc6cc13546ab24ee13e3e800e61ed87609ab91e4c8213", size = 8522963, upload-time = "2025-03-17T00:55:50.969Z" },
    { url = "https://files.pythonhosted.org/packages/f7/b1/68aa2986129fb1011dabbe95f0136f44509afaf072b12b8f815905a39f33/pywin32-310-cp311-cp311-win32.whl", hash = "sha256:1e765f9564e83011a63321bb9d27ec456a0ed90d3732c4b2e312b855365ed8bd", size = 8784284, upload-time = "2025-03-17T00:55:53.124Z" },
    { url = "https://files.pythonhosted.org/packages/b3/bd/d1592635992dd8db5bb8ace0551bc3a769de1ac8850200cfa517e72739fb/pywin32-310-cp311-cp311-win_amd64.whl", hash = "sha256:126298077a9d7c95c53823934f000599f66ec9296b09167810eb24875f32689c", size = 9520748, upload-time = "2025-03-17T00:55:55.203Z" },
    { url = "https://files.pythonhosted.org/packages/90/b1/ac8b1ffce6603849eb45a91cf126c0fa5431f186c2e768bf56889c46f51c/pywin32-310-cp311-cp311-win_arm64.whl", hash = "sha256:19ec5fc9b1d51c4350be7bb00760ffce46e6c95eaf2f0b2f1150657b1a43c582", size = 8455941, upload-time = "2025-03-17T00:55:57.048Z" },
    { url = "https://files.pythonhosted.org/packages/6b/ec/4fdbe47932f671d6e348474ea35ed94227fb5df56a7c30cbbb42cd396ed0/pywin32-310-cp312-cp312-win32.whl", hash = "sha256:8a75a5cc3893e83a108c05d82198880704c44bbaee4d06e442e471d3c9ea4f3d", size = 8796239, upload-time = "2025-03-17T00:55:58.807Z" },
    { url = "https://files.pythonhosted.org/packages/e3/e5/b0627f8bb84e06991bea89ad8153a9e50ace40b2e1195d68e9dff6b03d0f/pywin32-310-cp312-cp312-win_amd64.whl", hash = "sha256:bf5c397c9a9a19a6f62f3fb821fbf36cac08f03770056711f765ec1503972060", size = 9503839, upload-time = "2025-03-17T00:56:00.8Z" },
    { url = "https://files.pythonhosted.org/packages/1f/32/9ccf53748df72301a89713936645a664ec001abd35ecc8578beda593d37d/pywin32-310-cp312-cp312-win_arm64.whl", hash = "sha256:2349cc906eae872d0663d4d6290d13b90621eaf78964bb1578632ff20e152966", size = 8459470, upload-time = "2025-03-17T00:56:02.601Z" },
    { url = "https://files.pythonhosted.org/packages/1c/09/9c1b978ffc4ae53999e89c19c77ba882d9fce476729f23ef55211ea1c034/pywin32-310-cp313-cp313-win32.whl", hash = "sha256:5d241a659c496ada3253cd01cfaa779b048e90ce4b2b38cd44168ad555ce74ab", size = 8794384, upload-time = "2025-03-17T00:56:04.383Z" },
    { url = "https://files.pythonhosted.org/packages/45/3c/b4640f740ffebadd5d34df35fecba0e1cfef8fde9f3e594df91c28ad9b50/pywin32-310-cp313-cp313-win_amd64.whl", hash = "sha256:667827eb3a90208ddbdcc9e860c81bde63a135710e21e4cb3348968e4bd5249e", size = 9503039, upload-time = "2025-03-17T00:56:06.207Z" },
    { url = "https://files.pythonhosted.org/packages/b4/f4/f785020090fb050e7fb6d34b780f2231f302609dc964672f72bfaeb59a28/pywin32-310-cp313-cp313-win_arm64.whl", hash = "sha256:e308f831de771482b7cf692a1f308f8fca701b2d8f9dde6cc440c7da17e47b33", size = 8458152, upload-time = "2025-03-17T00:56:07.819Z" },
]

[[package]]
name = "recursive-rpc"
version = "0.1.0"
source = { editable = "." }
dependencies = [
    { name = "plumbum" },
    { name = "python-dotenv" },
    { name = "rpyc" },
    { name = "uv" },
]

[package.metadata]
requires-dist = [
    { name = "plumbum", specifier = ">=1.9.0" },
    { name = "python-dotenv", specifier = ">=1.1.1" },
    { name = "rpyc", specifier = ">=6.0.2" },
    { name = "uv", specifier = ">=0.7.20" },
]

[[package]]
name = "rpyc"
version = "6.0.2"
source = { registry = "https://pypi.org/simple" }
dependencies = [
    { name = "plumbum" },
]
sdist = { url = "https://files.pythonhosted.org/packages/8b/e7/1c17410673b634f4658bb5d2232d0c4507432a97508b2c6708e59481644a/rpyc-6.0.2.tar.gz", hash = "sha256:8e780a6a71b842128a80a337c64adfb6f919014e069951832161c9efc630c93b", size = 62321, upload-time = "2025-04-18T16:33:21.693Z" }
wheels = [
    { url = "https://files.pythonhosted.org/packages/3f/99/2e119d541d596daea39643eb9312b47c7847383951300f889166938035b1/rpyc-6.0.2-py3-none-any.whl", hash = "sha256:8072308ad30725bc281c42c011fc8c922be15f3eeda6eafb2917cafe1b6f00ec", size = 74768, upload-time = "2025-04-18T16:33:20.147Z" },
]

[[package]]
name = "uv"
version = "0.7.20"
source = { registry = "https://pypi.org/simple" }
sdist = { url = "https://files.pythonhosted.org/packages/78/97/1ff10c82d3f0b4246c3a94c09ab4b40d0f7d6dfaafb352175d169ef357e5/uv-0.7.20.tar.gz", hash = "sha256:6adf2ad333e8da133eecbdd2bdb4e8dfb6d4b2db2c3b4739b6705aa347c997ee", size = 3365382, upload-time = "2025-07-09T21:02:17.822Z" }
wheels = [
    { url = "https://files.pythonhosted.org/packages/94/dc/640875ba8ab0b73401cf0cc72c96a568a817a55c71e939f3a93c5911d0ba/uv-0.7.20-py3-none-linux_armv6l.whl", hash = "sha256:9e59b3b0c62255ac87f3fd5b0c58133187983cac57ab86e127cde1b8a2ee32ff", size = 17685309, upload-time = "2025-07-09T21:01:33.49Z" },
    { url = "https://files.pythonhosted.org/packages/83/9a/ee440ac67678fad39c087d0494c1e84103cc1ff9bfb88c91b71c7fd5dea3/uv-0.7.20-py3-none-macosx_10_12_x86_64.whl", hash = "sha256:f4c7df0f4dfca809b403fb047ee23b3a35e1221df7be9ade8bbd4fb379f50dc2", size = 17725867, upload-time = "2025-07-09T21:01:37.172Z" },
    { url = "https://files.pythonhosted.org/packages/de/d0/5bcf679907e6d4fb864e4e30b573060734cc1c26afb38b355dac003ce452/uv-0.7.20-py3-none-macosx_11_0_arm64.whl", hash = "sha256:b8e636777e0ed816461e73ac85445aedb01c3380a61d3f66fa59423582a7456a", size = 16413199, upload-time = "2025-07-09T21:01:39.774Z" },
    { url = "https://files.pythonhosted.org/packages/7c/83/0dbe7a1983bb6232ec51afb3bbba11721a31afcc731c56ce898dc91f6541/uv-0.7.20-py3-none-manylinux_2_17_aarch64.manylinux2014_aarch64.musllinux_1_1_aarch64.whl", hash = "sha256:9b6b95ccc34649c34a05821e3eb8dbc851ee14011e1ddc39b507460b8407a024", size = 16981463, upload-time = "2025-07-09T21:01:42.101Z" },
    { url = "https://files.pythonhosted.org/packages/5c/4f/502c5e0cac26bb36413abc99ab8d4d136f73864c4ec5fe7aee4cc170c5e5/uv-0.7.20-py3-none-manylinux_2_17_armv7l.manylinux2014_armv7l.whl", hash = "sha256:d606d70cf79cd7f4bf8b940d331c863b33ac59266fa7dc8da2852187d1494334", size = 17381910, upload-time = "2025-07-09T21:01:44.882Z" },
    { url = "https://files.pythonhosted.org/packages/48/3c/13ce07214c41790d2fd99c839b1dedfcf2d4c5b6a9696e9822ef9a6014f5/uv-0.7.20-py3-none-manylinux_2_17_i686.manylinux2014_i686.whl", hash = "sha256:086918380296feea5d49abd82b80a324c2a6401e098db050b8338f6ca7a75e79", size = 18086428, upload-time = "2025-07-09T21:01:47.532Z" },
    { url = "https://files.pythonhosted.org/packages/84/26/5313099e0214087910fb09d14e9acb516db941d2f4fa67a8d983f5295952/uv-0.7.20-py3-none-manylinux_2_17_ppc64.manylinux2014_ppc64.whl", hash = "sha256:914dbd8e8a83303f6108cead85e4b83ea748b9cbb8cb03df030c4952b67f40fd", size = 19309012, upload-time = "2025-07-09T21:01:49.996Z" },
    { url = "https://files.pythonhosted.org/packages/6a/de/cf7fe214e420f8fc1b9eb7a09cca5bb3c05663fec73d6750613c9f68bc26/uv-0.7.20-py3-none-manylinux_2_17_ppc64le.manylinux2014_ppc64le.whl", hash = "sha256:20bfb4a8f42449c0ec7d4b0f1cc91e5a6713e5c55e8ec9b9de9628e21b4db74c", size = 18984850, upload-time = "2025-07-09T21:01:52.436Z" },
    { url = "https://files.pythonhosted.org/packages/57/cc/356c927be05e1dd725b0cc5b0d0d50eda724e2e22f610915b235ad40e559/uv-0.7.20-py3-none-manylinux_2_17_s390x.manylinux2014_s390x.whl", hash = "sha256:96ad43a3fffbc97b5da90d221788d3fd5c086ec9b1dbdea89a5107a2b5d46fa0", size = 18566669, upload-time = "2025-07-09T21:01:54.741Z" },
    { url = "https://files.pythonhosted.org/packages/09/82/a9f8f31434ae10fc7c81a09cb562d08544a195db48bbf062702bdacbb2c8/uv-0.7.20-py3-none-manylinux_2_17_x86_64.manylinux2014_x86_64.whl", hash = "sha256:4f25ad1ca8cd756266797a14d153c74ff1d6c7705a63b5036ac5c51c63b6870b", size = 18416500, upload-time = "2025-07-09T21:01:57.699Z" },
    { url = "https://files.pythonhosted.org/packages/f9/fd/ea803971d83b3238d62859fc8cd62daa69fa4464eb669e21712bbf91f59e/uv-0.7.20-py3-none-manylinux_2_28_aarch64.whl", hash = "sha256:d50f2ce3e9d754dfef0b761a3dcc0cc60d045f525894a8b5d76641d9ccd0d257", size = 17229164, upload-time = "2025-07-09T21:02:00.254Z" },
    { url = "https://files.pythonhosted.org/packages/ac/c6/b3e38a77c759888584ee39fd3aebaca8c03fbe890cd1cb1d794cd628605e/uv-0.7.20-py3-none-musllinux_1_1_armv7l.whl", hash = "sha256:1d5a095a9ab9b5424cb5f6de75969402a3e0b3d40e04005e3379ebc5f493a582", size = 17327269, upload-time = "2025-07-09T21:02:02.82Z" },
    { url = "https://files.pythonhosted.org/packages/4b/10/422a537d2e983ac55c493d9d9d3fe33ad37784cbac2f4ef6bcb4b5c45200/uv-0.7.20-py3-none-musllinux_1_1_i686.whl", hash = "sha256:baa286b2f847edbb13f3f7baf01ebca73e4dad5b70900270abb20639f03d9770", size = 17585820, upload-time = "2025-07-09T21:02:05.202Z" },
    { url = "https://files.pythonhosted.org/packages/fd/77/696b2795f18ce3cc0bf4a1192564402f8b16c9e1e7b6c7061d1059c52a52/uv-0.7.20-py3-none-musllinux_1_1_x86_64.whl", hash = "sha256:67cf45da498955f46208d28c1a5fa58550553defc3f747156247335d65c5b4c7", size = 18557027, upload-time = "2025-07-09T21:02:07.593Z" },
    { url = "https://files.pythonhosted.org/packages/15/d3/6d5a2cb1cf0ed48442910c5ed0f1fdc984c66189107b42c85bb53f421332/uv-0.7.20-py3-none-win32.whl", hash = "sha256:246d45e7eb5934ffc23351c4f1d6e7385da21f63929e83d18855d901fd6f5ed4", size = 17609793, upload-time = "2025-07-09T21:02:10.198Z" },
    { url = "https://files.pythonhosted.org/packages/1f/6f/9412b857d5c311b57eaf40acdbc612524ac6caac2221303adcebca9a1875/uv-0.7.20-py3-none-win_amd64.whl", hash = "sha256:85bbdd6b40dc6f78c1c60a7b5c3c1dc992acdc7160c99801d1d4a4766dd42a4f", size = 19424736, upload-time = "2025-07-09T21:02:13.206Z" },
    { url = "https://files.pythonhosted.org/packages/df/fb/e23895a4d5980450d26602b1f4887ce67ccc07f21e943f348bd519c6596f/uv-0.7.20-py3-none-win_arm64.whl", hash = "sha256:693ad1f9ecb87f1ddc735682d6d96fcff41a4aa90ae663c57252c7a8e57d4459", size = 17976062, upload-time = "2025-07-09T21:02:15.818Z" },
]
